// !$*UTF8*$!
{
	archiveVersion = 1;
	classes = {
	};
	objectVersion = 50;
	objects = {

/* Begin PBXBuildFile section */
		B115D90E267EF09800FE6E65 /* AppDelegate.swift in Sources */ = {isa = PBXBuildFile; fileRef = B115D90D267EF09800FE6E65 /* AppDelegate.swift */; };
		B115D910267EF09800FE6E65 /* SceneDelegate.swift in Sources */ = {isa = PBXBuildFile; fileRef = B115D90F267EF09800FE6E65 /* SceneDelegate.swift */; };
		B115D912267EF09800FE6E65 /* ViewController.swift in Sources */ = {isa = PBXBuildFile; fileRef = B115D911267EF09800FE6E65 /* ViewController.swift */; };
		B115D915267EF09800FE6E65 /* Main.storyboard in Resources */ = {isa = PBXBuildFile; fileRef = B115D913267EF09800FE6E65 /* Main.storyboard */; };
		B115D917267EF09A00FE6E65 /* Assets.xcassets in Resources */ = {isa = PBXBuildFile; fileRef = B115D916267EF09A00FE6E65 /* Assets.xcassets */; };
		B115D91A267EF09A00FE6E65 /* LaunchScreen.storyboard in Resources */ = {isa = PBXBuildFile; fileRef = B115D918267EF09A00FE6E65 /* LaunchScreen.storyboard */; };
		B115D925267EF09A00FE6E65 /* LYZKVODemoTests.swift in Sources */ = {isa = PBXBuildFile; fileRef = B115D924267EF09A00FE6E65 /* LYZKVODemoTests.swift */; };
		B115D930267EF09A00FE6E65 /* LYZKVODemoUITests.swift in Sources */ = {isa = PBXBuildFile; fileRef = B115D92F267EF09A00FE6E65 /* LYZKVODemoUITests.swift */; };
/* End PBXBuildFile section */

/* Begin PBXContainerItemProxy section */
		B115D921267EF09A00FE6E65 /* PBXContainerItemProxy */ = {
			isa = PBXContainerItemProxy;
			containerPortal = B115D902267EF09800FE6E65 /* Project object */;
			proxyType = 1;
			remoteGlobalIDString = B115D909267EF09800FE6E65;
			remoteInfo = LYZKVODemo;
		};
		B115D92C267EF09A00FE6E65 /* PBXContainerItemProxy */ = {
			isa = PBXContainerItemProxy;
			containerPortal = B115D902267EF09800FE6E65 /* Project object */;
			proxyType = 1;
			remoteGlobalIDString = B115D909267EF09800FE6E65;
			remoteInfo = LYZKVODemo;
		};
/* End PBXContainerItemProxy section */

/* Begin PBXFileReference section */
		B115D90A267EF09800FE6E65 /* LYZKVODemo.app */ = {isa = PBXFileReference; explicitFileType = wrapper.application; includeInIndex = 0; path = LYZKVODemo.app; sourceTree = BUILT_PRODUCTS_DIR; };
		B115D90D267EF09800FE6E65 /* AppDelegate.swift */ = {isa = PBXFileReference; lastKnownFileType = sourcecode.swift; path = AppDelegate.swift; sourceTree = "<group>"; };
		B115D90F267EF09800FE6E65 /* SceneDelegate.swift */ = {isa = PBXFileReference; lastKnownFileType = sourcecode.swift; path = SceneDelegate.swift; sourceTree = "<group>"; };
		B115D911267EF09800FE6E65 /* ViewController.swift */ = {isa = PBXFileReference; lastKnownFileType = sourcecode.swift; path = ViewController.swift; sourceTree = "<group>"; };
		B115D914267EF09800FE6E65 /* Base */ = {isa = PBXFileReference; lastKnownFileType = file.storyboard; name = Base; path = Base.lproj/Main.storyboard; sourceTree = "<group>"; };
		B115D916267EF09A00FE6E65 /* Assets.xcassets */ = {isa = PBXFileReference; lastKnownFileType = folder.assetcatalog; path = Assets.xcassets; sourceTree = "<group>"; };
		B115D919267EF09A00FE6E65 /* Base */ = {isa = PBXFileReference; lastKnownFileType = file.storyboard; name = Base; path = Base.lproj/LaunchScreen.storyboard; sourceTree = "<group>"; };
		B115D91B267EF09A00FE6E65 /* Info.plist */ = {isa = PBXFileReference; lastKnownFileType = text.plist.xml; path = Info.plist; sourceTree = "<group>"; };
		B115D920267EF09A00FE6E65 /* LYZKVODemoTests.xctest */ = {isa = PBXFileReference; explicitFileType = wrapper.cfbundle; includeInIndex = 0; path = LYZKVODemoTests.xctest; sourceTree = BUILT_PRODUCTS_DIR; };
		B115D924267EF09A00FE6E65 /* LYZKVODemoTests.swift */ = {isa = PBXFileReference; lastKnownFileType = sourcecode.swift; path = LYZKVODemoTests.swift; sourceTree = "<group>"; };
		B115D926267EF09A00FE6E65 /* Info.plist */ = {isa = PBXFileReference; lastKnownFileType = text.plist.xml; path = Info.plist; sourceTree = "<group>"; };
		B115D92B267EF09A00FE6E65 /* LYZKVODemoUITests.xctest */ = {isa = PBXFileReference; explicitFileType = wrapper.cfbundle; includeInIndex = 0; path = LYZKVODemoUITests.xctest; sourceTree = BUILT_PRODUCTS_DIR; };
		B115D92F267EF09A00FE6E65 /* LYZKVODemoUITests.swift */ = {isa = PBXFileReference; lastKnownFileType = sourcecode.swift; path = LYZKVODemoUITests.swift; sourceTree = "<group>"; };
		B115D931267EF09A00FE6E65 /* Info.plist */ = {isa = PBXFileReference; lastKnownFileType = text.plist.xml; path = Info.plist; sourceTree = "<group>"; };
/* End PBXFileReference section */

/* Begin PBXFrameworksBuildPhase section */
		B115D907267EF09800FE6E65 /* Frameworks */ = {
			isa = PBXFrameworksBuildPhase;
			buildActionMask = 2147483647;
			files = (
			);
			runOnlyForDeploymentPostprocessing = 0;
		};
		B115D91D267EF09A00FE6E65 /* Frameworks */ = {
			isa = PBXFrameworksBuildPhase;
			buildActionMask = 2147483647;
			files = (
			);
			runOnlyForDeploymentPostprocessing = 0;
		};
		B115D928267EF09A00FE6E65 /* Frameworks */ = {
			isa = PBXFrameworksBuildPhase;
			buildActionMask = 2147483647;
			files = (
			);
			runOnlyForDeploymentPostprocessing = 0;
		};
/* End PBXFrameworksBuildPhase section */

/* Begin PBXGroup section */
		B115D901267EF09800FE6E65 = {
			isa = PBXGroup;
			children = (
				B115D90C267EF09800FE6E65 /* LYZKVODemo */,
				B115D923267EF09A00FE6E65 /* LYZKVODemoTests */,
				B115D92E267EF09A00FE6E65 /* LYZKVODemoUITests */,
				B115D90B267EF09800FE6E65 /* Products */,
			);
			sourceTree = "<group>";
		};
		B115D90B267EF09800FE6E65 /* Products */ = {
			isa = PBXGroup;
			children = (
				B115D90A267EF09800FE6E65 /* LYZKVODemo.app */,
				B115D920267EF09A00FE6E65 /* LYZKVODemoTests.xctest */,
				B115D92B267EF09A00FE6E65 /* LYZKVODemoUITests.xctest */,
			);
			name = Products;
			sourceTree = "<group>";
		};
		B115D90C267EF09800FE6E65 /* LYZKVODemo */ = {
			isa = PBXGroup;
			children = (
				B115D90D267EF09800FE6E65 /* AppDelegate.swift */,
				B115D90F267EF09800FE6E65 /* SceneDelegate.swift */,
				B115D911267EF09800FE6E65 /* ViewController.swift */,
				B115D913267EF09800FE6E65 /* Main.storyboard */,
				B115D916267EF09A00FE6E65 /* Assets.xcassets */,
				B115D918267EF09A00FE6E65 /* LaunchScreen.storyboard */,
				B115D91B267EF09A00FE6E65 /* Info.plist */,
			);
			path = LYZKVODemo;
			sourceTree = "<group>";
		};
		B115D923267EF09A00FE6E65 /* LYZKVODemoTests */ = {
			isa = PBXGroup;
			children = (
				B115D924267EF09A00FE6E65 /* LYZKVODemoTests.swift */,
				B115D926267EF09A00FE6E65 /* Info.plist */,
			);
			path = LYZKVODemoTests;
			sourceTree = "<group>";
		};
		B115D92E267EF09A00FE6E65 /* LYZKVODemoUITests */ = {
			isa = PBXGroup;
			children = (
				B115D92F267EF09A00FE6E65 /* LYZKVODemoUITests.swift */,
				B115D931267EF09A00FE6E65 /* Info.plist */,
			);
			path = LYZKVODemoUITests;
			sourceTree = "<group>";
		};
/* End PBXGroup section */

/* Begin PBXNativeTarget section */
		B115D909267EF09800FE6E65 /* LYZKVODemo */ = {
			isa = PBXNativeTarget;
			buildConfigurationList = B115D934267EF09A00FE6E65 /* Build configuration list for PBXNativeTarget "LYZKVODemo" */;
			buildPhases = (
				B115D906267EF09800FE6E65 /* Sources */,
				B115D907267EF09800FE6E65 /* Frameworks */,
				B115D908267EF09800FE6E65 /* Resources */,
			);
			buildRules = (
			);
			dependencies = (
			);
			name = LYZKVODemo;
			productName = LYZKVODemo;
			productReference = B115D90A267EF09800FE6E65 /* LYZKVODemo.app */;
			productType = "com.apple.product-type.application";
		};
		B115D91F267EF09A00FE6E65 /* LYZKVODemoTests */ = {
			isa = PBXNativeTarget;
			buildConfigurationList = B115D937267EF09A00FE6E65 /* Build configuration list for PBXNativeTarget "LYZKVODemoTests" */;
			buildPhases = (
				B115D91C267EF09A00FE6E65 /* Sources */,
				B115D91D267EF09A00FE6E65 /* Frameworks */,
				B115D91E267EF09A00FE6E65 /* Resources */,
			);
			buildRules = (
			);
			dependencies = (
				B115D922267EF09A00FE6E65 /* PBXTargetDependency */,
			);
			name = LYZKVODemoTests;
			productName = LYZKVODemoTests;
			productReference = B115D920267EF09A00FE6E65 /* LYZKVODemoTests.xctest */;
			productType = "com.apple.product-type.bundle.unit-test";
		};
		B115D92A267EF09A00FE6E65 /* LYZKVODemoUITests */ = {
			isa = PBXNativeTarget;
			buildConfigurationList = B115D93A267EF09A00FE6E65 /* Build configuration list for PBXNativeTarget "LYZKVODemoUITests" */;
			buildPhases = (
				B115D927267EF09A00FE6E65 /* Sources */,
				B115D928267EF09A00FE6E65 /* Frameworks */,
				B115D929267EF09A00FE6E65 /* Resources */,
			);
			buildRules = (
			);
			dependencies = (
				B115D92D267EF09A00FE6E65 /* PBXTargetDependency */,
			);
			name = LYZKVODemoUITests;
			productName = LYZKVODemoUITests;
			productReference = B115D92B267EF09A00FE6E65 /* LYZKVODemoUITests.xctest */;
			productType = "com.apple.product-type.bundle.ui-testing";
		};
/* End PBXNativeTarget section */

/* Begin PBXProject section */
		B115D902267EF09800FE6E65 /* Project object */ = {
			isa = PBXProject;
			attributes = {
				LastSwiftUpdateCheck = 1250;
				LastUpgradeCheck = 1250;
				TargetAttributes = {
					B115D909267EF09800FE6E65 = {
						CreatedOnToolsVersion = 12.5;
					};
					B115D91F267EF09A00FE6E65 = {
						CreatedOnToolsVersion = 12.5;
						TestTargetID = B115D909267EF09800FE6E65;
					};
					B115D92A267EF09A00FE6E65 = {
						CreatedOnToolsVersion = 12.5;
						TestTargetID = B115D909267EF09800FE6E65;
					};
				};
			};
			buildConfigurationList = B115D905267EF09800FE6E65 /* Build configuration list for PBXProject "LYZKVODemo" */;
			compatibilityVersion = "Xcode 9.3";
			developmentRegion = en;
			hasScannedForEncodings = 0;
			knownRegions = (
				en,
				Base,
			);
			mainGroup = B115D901267EF09800FE6E65;
			productRefGroup = B115D90B267EF09800FE6E65 /* Products */;
			projectDirPath = "";
			projectRoot = "";
			targets = (
				B115D909267EF09800FE6E65 /* LYZKVODemo */,
				B115D91F267EF09A00FE6E65 /* LYZKVODemoTests */,
				B115D92A267EF09A00FE6E65 /* LYZKVODemoUITests */,
			);
		};
/* End PBXProject section */

/* Begin PBXResourcesBuildPhase section */
		B115D908267EF09800FE6E65 /* Resources */ = {
			isa = PBXResourcesBuildPhase;
			buildActionMask = 2147483647;
			files = (
				B115D91A267EF09A00FE6E65 /* LaunchScreen.storyboard in Resources */,
				B115D917267EF09A00FE6E65 /* Assets.xcassets in Resources */,
				B115D915267EF09800FE6E65 /* Main.storyboard in Resources */,
			);
			runOnlyForDeploymentPostprocessing = 0;
		};
		B115D91E267EF09A00FE6E65 /* Resources */ = {
			isa = PBXResourcesBuildPhase;
			buildActionMask = 2147483647;
			files = (
			);
			runOnlyForDeploymentPostprocessing = 0;
		};
		B115D929267EF09A00FE6E65 /* Resources */ = {
			isa = PBXResourcesBuildPhase;
			buildActionMask = 2147483647;
			files = (
			);
			runOnlyForDeploymentPostprocessing = 0;
		};
/* End PBXResourcesBuildPhase section */

/* Begin PBXSourcesBuildPhase section */
		B115D906267EF09800FE6E65 /* Sources */ = {
			isa = PBXSourcesBuildPhase;
			buildActionMask = 2147483647;
			files = (
				B115D912267EF09800FE6E65 /* ViewController.swift in Sources */,
				B115D90E267EF09800FE6E65 /* AppDelegate.swift in Sources */,
				B115D910267EF09800FE6E65 /* SceneDelegate.swift in Sources */,
			);
			runOnlyForDeploymentPostprocessing = 0;
		};
		B115D91C267EF09A00FE6E65 /* Sources */ = {
			isa = PBXSourcesBuildPhase;
			buildActionMask = 2147483647;
			files = (
				B115D925267EF09A00FE6E65 /* LYZKVODemoTests.swift in Sources */,
			);
			runOnlyForDeploymentPostprocessing = 0;
		};
		B115D927267EF09A00FE6E65 /* Sources */ = {
			isa = PBXSourcesBuildPhase;
			buildActionMask = 2147483647;
			files = (
				B115D930267EF09A00FE6E65 /* LYZKVODemoUITests.swift in Sources */,
			);
			runOnlyForDeploymentPostprocessing = 0;
		};
/* End PBXSourcesBuildPhase section */

/* Begin PBXTargetDependency section */
		B115D922267EF09A00FE6E65 /* PBXTargetDependency */ = {
			isa = PBXTargetDependency;
			target = B115D909267EF09800FE6E65 /* LYZKVODemo */;
			targetProxy = B115D921267EF09A00FE6E65 /* PBXContainerItemProxy */;
		};
		B115D92D267EF09A00FE6E65 /* PBXTargetDependency */ = {
			isa = PBXTargetDependency;
			target = B115D909267EF09800FE6E65 /* LYZKVODemo */;
			targetProxy = B115D92C267EF09A00FE6E65 /* PBXContainerItemProxy */;
		};
/* End PBXTargetDependency section */

/* Begin PBXVariantGroup section */
		B115D913267EF09800FE6E65 /* Main.storyboard */ = {
			isa = PBXVariantGroup;
			children = (
				B115D914267EF09800FE6E65 /* Base */,
			);
			name = Main.storyboard;
			sourceTree = "<group>";
		};
		B115D918267EF09A00FE6E65 /* LaunchScreen.storyboard */ = {
			isa = PBXVariantGroup;
			children = (
				B115D919267EF09A00FE6E65 /* Base */,
			);
			name = LaunchScreen.storyboard;
			sourceTree = "<group>";
		};
/* End PBXVariantGroup section */

/* Begin XCBuildConfiguration section */
		B115D932267EF09A00FE6E65 /* Debug */ = {
			isa = XCBuildConfiguration;
			buildSettings = {
				ALWAYS_SEARCH_USER_PATHS = NO;
				CLANG_ANALYZER_NONNULL = YES;
				CLANG_ANALYZER_NUMBER_OBJECT_CONVERSION = YES_AGGRESSIVE;
				CLANG_CXX_LANGUAGE_STANDARD = "gnu++14";
				CLANG_CXX_LIBRARY = "libc++";
				CLANG_ENABLE_MODULES = YES;
				CLANG_ENABLE_OBJC_ARC = YES;
				CLANG_ENABLE_OBJC_WEAK = YES;
				CLANG_WARN_BLOCK_CAPTURE_AUTORELEASING = YES;
				CLANG_WARN_BOOL_CONVERSION = YES;
				CLANG_WARN_COMMA = YES;
				CLANG_WARN_CONSTANT_CONVERSION = YES;
				CLANG_WARN_DEPRECATED_OBJC_IMPLEMENTATIONS = YES;
				CLANG_WARN_DIRECT_OBJC_ISA_USAGE = YES_ERROR;
				CLANG_WARN_DOCUMENTATION_COMMENTS = YES;
				CLANG_WARN_EMPTY_BODY = YES;
				CLANG_WARN_ENUM_CONVERSION = YES;
				CLANG_WARN_INFINITE_RECURSION = YES;
				CLANG_WARN_INT_CONVERSION = YES;
				CLANG_WARN_NON_LITERAL_NULL_CONVERSION = YES;
				CLANG_WARN_OBJC_IMPLICIT_RETAIN_SELF = YES;
				CLANG_WARN_OBJC_LITERAL_CONVERSION = YES;
				CLANG_WARN_OBJC_ROOT_CLASS = YES_ERROR;
				CLANG_WARN_QUOTED_INCLUDE_IN_FRAMEWORK_HEADER = YES;
				CLANG_WARN_RANGE_LOOP_ANALYSIS = YES;
				CLANG_WARN_STRICT_PROTOTYPES = YES;
				CLANG_WARN_SUSPICIOUS_MOVE = YES;
				CLANG_WARN_UNGUARDED_AVAILABILITY = YES_AGGRESSIVE;
				CLANG_WARN_UNREACHABLE_CODE = YES;
				CLANG_WARN__DUPLICATE_METHOD_MATCH = YES;
				COPY_PHASE_STRIP = NO;
				DEBUG_INFORMATION_FORMAT = dwarf;
				ENABLE_STRICT_OBJC_MSGSEND = YES;
				ENABLE_TESTABILITY = YES;
				GCC_C_LANGUAGE_STANDARD = gnu11;
				GCC_DYNAMIC_NO_PIC = NO;
				GCC_NO_COMMON_BLOCKS = YES;
				GCC_OPTIMIZATION_LEVEL = 0;
				GCC_PREPROCESSOR_DEFINITIONS = (
					"DEBUG=1",
					"$(inherited)",
				);
				GCC_WARN_64_TO_32_BIT_CONVERSION = YES;
				GCC_WARN_ABOUT_RETURN_TYPE = YES_ERROR;
				GCC_WARN_UNDECLARED_SELECTOR = YES;
				GCC_WARN_UNINITIALIZED_AUTOS = YES_AGGRESSIVE;
				GCC_WARN_UNUSED_FUNCTION = YES;
				GCC_WARN_UNUSED_VARIABLE = YES;
				IPHONEOS_DEPLOYMENT_TARGET = 14.5;
				MTL_ENABLE_DEBUG_INFO = INCLUDE_SOURCE;
				MTL_FAST_MATH = YES;
				ONLY_ACTIVE_ARCH = YES;
				SDKROOT = iphoneos;
				SWIFT_ACTIVE_COMPILATION_CONDITIONS = DEBUG;
				SWIFT_OPTIMIZATION_LEVEL = "-Onone";
			};
			name = Debug;
		};
		B115D933267EF09A00FE6E65 /* Release */ = {
			isa = XCBuildConfiguration;
			buildSettings = {
				ALWAYS_SEARCH_USER_PATHS = NO;
				CLANG_ANALYZER_NONNULL = YES;
				CLANG_ANALYZER_NUMBER_OBJECT_CONVERSION = YES_AGGRESSIVE;
				CLANG_CXX_LANGUAGE_STANDARD = "gnu++14";
				CLANG_CXX_LIBRARY = "libc++";
				CLANG_ENABLE_MODULES = YES;
				CLANG_ENABLE_OBJC_ARC = YES;
				CLANG_ENABLE_OBJC_WEAK = YES;
				CLANG_WARN_BLOCK_CAPTURE_AUTORELEASING = YES;
				CLANG_WARN_BOOL_CONVERSION = YES;
				CLANG_WARN_COMMA = YES;
				CLANG_WARN_CONSTANT_CONVERSION = YES;
				CLANG_WARN_DEPRECATED_OBJC_IMPLEMENTATIONS = YES;
				CLANG_WARN_DIRECT_OBJC_ISA_USAGE = YES_ERROR;
				CLANG_WARN_DOCUMENTATION_COMMENTS = YES;
				CLANG_WARN_EMPTY_BODY = YES;
				CLANG_WARN_ENUM_CONVERSION = YES;
				CLANG_WARN_INFINITE_RECURSION = YES;
				CLANG_WARN_INT_CONVERSION = YES;
				CLANG_WARN_NON_LITERAL_NULL_CONVERSION = YES;
				CLANG_WARN_OBJC_IMPLICIT_RETAIN_SELF = YES;
				CLANG_WARN_OBJC_LITERAL_CONVERSION = YES;
				CLANG_WARN_OBJC_ROOT_CLASS = YES_ERROR;
				CLANG_WARN_QUOTED_INCLUDE_IN_FRAMEWORK_HEADER = YES;
				CLANG_WARN_RANGE_LOOP_ANALYSIS = YES;
				CLANG_WARN_STRICT_PROTOTYPES = YES;
				CLANG_WARN_SUSPICIOUS_MOVE = YES;
				CLANG_WARN_UNGUARDED_AVAILABILITY = YES_AGGRESSIVE;
				CLANG_WARN_UNREACHABLE_CODE = YES;
				CLANG_WARN__DUPLICATE_METHOD_MATCH = YES;
				COPY_PHASE_STRIP = NO;
				DEBUG_INFORMATION_FORMAT = "dwarf-with-dsym";
				ENABLE_NS_ASSERTIONS = NO;
				ENABLE_STRICT_OBJC_MSGSEND = YES;
				GCC_C_LANGUAGE_STANDARD = gnu11;
				GCC_NO_COMMON_BLOCKS = YES;
				GCC_WARN_64_TO_32_BIT_CONVERSION = YES;
				GCC_WARN_ABOUT_RETURN_TYPE = YES_ERROR;
				GCC_WARN_UNDECLARED_SELECTOR = YES;
				GCC_WARN_UNINITIALIZED_AUTOS = YES_AGGRESSIVE;
				GCC_WARN_UNUSED_FUNCTION = YES;
				GCC_WARN_UNUSED_VARIABLE = YES;
				IPHONEOS_DEPLOYMENT_TARGET = 14.5;
				MTL_ENABLE_DEBUG_INFO = NO;
				MTL_FAST_MATH = YES;
				SDKROOT = iphoneos;
				SWIFT_COMPILATION_MODE = wholemodule;
				SWIFT_OPTIMIZATION_LEVEL = "-O";
				VALIDATE_PRODUCT = YES;
			};
			name = Release;
		};
		B115D935267EF09A00FE6E65 /* Debug */ = {
			isa = XCBuildConfiguration;
			buildSettings = {
				ASSETCATALOG_COMPILER_APPICON_NAME = AppIcon;
				ASSETCATALOG_COMPILER_GLOBAL_ACCENT_COLOR_NAME = AccentColor;
				CODE_SIGN_STYLE = Automatic;
				DEVELOPMENT_TEAM = 6XKTT6NGLD;
				INFOPLIST_FILE = LYZKVODemo/Info.plist;
				LD_RUNPATH_SEARCH_PATHS = (
					"$(inherited)",
					"@executable_path/Frameworks",
				);
				PRODUCT_BUNDLE_IDENTIFIER = zy.com.LYZKVODemo;
				PRODUCT_NAME = "$(TARGET_NAME)";
				SWIFT_VERSION = 5.0;
				TARGETED_DEVICE_FAMILY = "1,2";
			};
			name = Debug;
		};
		B115D936267EF09A00FE6E65 /* Release */ = {
			isa = XCBuildConfiguration;
			buildSettings = {
				ASSETCATALOG_COMPILER_APPICON_NAME = AppIcon;
				ASSETCATALOG_COMPILER_GLOBAL_ACCENT_COLOR_NAME = AccentColor;
				CODE_SIGN_STYLE = Automatic;
				DEVELOPMENT_TEAM = 6XKTT6NGLD;
				INFOPLIST_FILE = LYZKVODemo/Info.plist;
				LD_RUNPATH_SEARCH_PATHS = (
					"$(inherited)",
					"@executable_path/Frameworks",
				);
				PRODUCT_BUNDLE_IDENTIFIER = zy.com.LYZKVODemo;
				PRODUCT_NAME = "$(TARGET_NAME)";
				SWIFT_VERSION = 5.0;
				TARGETED_DEVICE_FAMILY = "1,2";
			};
			name = Release;
		};
		B115D938267EF09A00FE6E65 /* Debug */ = {
			isa = XCBuildConfiguration;
			buildSettings = {
				ALWAYS_EMBED_SWIFT_STANDARD_LIBRARIES = YES;
				BUNDLE_LOADER = "$(TEST_HOST)";
				CODE_SIGN_STYLE = Automatic;
				DEVELOPMENT_TEAM = 6XKTT6NGLD;
				INFOPLIST_FILE = LYZKVODemoTests/Info.plist;
				IPHONEOS_DEPLOYMENT_TARGET = 14.5;
				LD_RUNPATH_SEARCH_PATHS = (
					"$(inherited)",
					"@executable_path/Frameworks",
					"@loader_path/Frameworks",
				);
				PRODUCT_BUNDLE_IDENTIFIER = zy.com.LYZKVODemoTests;
				PRODUCT_NAME = "$(TARGET_NAME)";
				SWIFT_VERSION = 5.0;
				TARGETED_DEVICE_FAMILY = "1,2";
				TEST_HOST = "$(BUILT_PRODUCTS_DIR)/LYZKVODemo.app/LYZKVODemo";
			};
			name = Debug;
		};
		B115D939267EF09A00FE6E65 /* Release */ = {
			isa = XCBuildConfiguration;
			buildSettings = {
				ALWAYS_EMBED_SWIFT_STANDARD_LIBRARIES = YES;
				BUNDLE_LOADER = "$(TEST_HOST)";
				CODE_SIGN_STYLE = Automatic;
				DEVELOPMENT_TEAM = 6XKTT6NGLD;
				INFOPLIST_FILE = LYZKVODemoTests/Info.plist;
				IPHONEOS_DEPLOYMENT_TARGET = 14.5;
				LD_RUNPATH_SEARCH_PATHS = (
					"$(inherited)",
					"@executable_path/Frameworks",
					"@loader_path/Frameworks",
				);
				PRODUCT_BUNDLE_IDENTIFIER = zy.com.LYZKVODemoTests;
				PRODUCT_NAME = "$(TARGET_NAME)";
				SWIFT_VERSION = 5.0;
				TARGETED_DEVICE_FAMILY = "1,2";
				TEST_HOST = "$(BUILT_PRODUCTS_DIR)/LYZKVODemo.app/LYZKVODemo";
			};
			name = Release;
		};
		B115D93B267EF09A00FE6E65 /* Debug */ = {
			isa = XCBuildConfiguration;
			buildSettings = {
				ALWAYS_EMBED_SWIFT_STANDARD_LIBRARIES = YES;
				CODE_SIGN_STYLE = Automatic;
				DEVELOPMENT_TEAM = 6XKTT6NGLD;
				INFOPLIST_FILE = LYZKVODemoUITests/Info.plist;
				LD_RUNPATH_SEARCH_PATHS = (
					"$(inherited)",
					"@executable_path/Frameworks",
					"@loader_path/Frameworks",
				);
				PRODUCT_BUNDLE_IDENTIFIER = zy.com.LYZKVODemoUITests;
				PRODUCT_NAME = "$(TARGET_NAME)";
				SWIFT_VERSION = 5.0;
				TARGETED_DEVICE_FAMILY = "1,2";
				TEST_TARGET_NAME = LYZKVODemo;
			};
			name = Debug;
		};
		B115D93C267EF09A00FE6E65 /* Release */ = {
			isa = XCBuildConfiguration;
			buildSettings = {
				ALWAYS_EMBED_SWIFT_STANDARD_LIBRARIES = YES;
				CODE_SIGN_STYLE = Automatic;
				DEVELOPMENT_TEAM = 6XKTT6NGLD;
				INFOPLIST_FILE = LYZKVODemoUITests/Info.plist;
				LD_RUNPATH_SEARCH_PATHS = (
					"$(inherited)",
					"@executable_path/Frameworks",
					"@loader_path/Frameworks",
				);
				PRODUCT_BUNDLE_IDENTIFIER = zy.com.LYZKVODemoUITests;
				PRODUCT_NAME = "$(TARGET_NAME)";
				SWIFT_VERSION = 5.0;
				TARGETED_DEVICE_FAMILY = "1,2";
				TEST_TARGET_NAME = LYZKVODemo;
			};
			name = Release;
		};
/* End XCBuildConfiguration section */

/* Begin XCConfigurationList section */
		B115D905267EF09800FE6E65 /* Build configuration list for PBXProject "LYZKVODemo" */ = {
			isa = XCConfigurationList;
			buildConfigurations = (
				B115D932267EF09A00FE6E65 /* Debug */,
				B115D933267EF09A00FE6E65 /* Release */,
			);
			defaultConfigurationIsVisible = 0;
			defaultConfigurationName = Release;
		};
		B115D934267EF09A00FE6E65 /* Build configuration list for PBXNativeTarget "LYZKVODemo" */ = {
			isa = XCConfigurationList;
			buildConfigurations = (
				B115D935267EF09A00FE6E65 /* Debug */,
				B115D936267EF09A00FE6E65 /* Release */,
			);
			defaultConfigurationIsVisible = 0;
			defaultConfigurationName = Release;
		};
		B115D937267EF09A00FE6E65 /* Build configuration list for PBXNativeTarget "LYZKVODemoTests" */ = {
			isa = XCConfigurationList;
			buildConfigurations = (
				B115D938267EF09A00FE6E65 /* Debug */,
				B115D939267EF09A00FE6E65 /* Release */,
			);
			defaultConfigurationIsVisible = 0;
			defaultConfigurationName = Release;
		};
		B115D93A267EF09A00FE6E65 /* Build configuration list for PBXNativeTarget "LYZKVODemoUITests" */ = {
			isa = XCConfigurationList;
			buildConfigurations = (
				B115D93B267EF09A00FE6E65 /* Debug */,
				B115D93C267EF09A00FE6E65 /* Release */,
			);
			defaultConfigurationIsVisible = 0;
			defaultConfigurationName = Release;
		};
/* End XCConfigurationList section */
	};
	rootObject = B115D902267EF09800FE6E65 /* Project object */;
}
